
Microsoft Visual Studio Solution File, Format Version 12.00
# Visual Studio Version 17
VisualStudioVersion = 17.0.31903.59
MinimumVisualStudioVersion = 10.0.40219.1
Project("{2150E333-8FDC-42A3-9474-1A3956D46DE8}") = "src", "src", "{DBD8A2C2-BC54-4EA1-861B-653344DE0736}"
EndProject
Project("{FAE04EC0-301F-11D3-BF4B-00C04F79EFBC}") = "AuctionService", "src\AuctionService\AuctionService.csproj", "{FDDD25D4-FFF1-4520-863B-9E8150112ACF}"
EndProject
Global
	GlobalSection(SolutionConfigurationPlatforms) = preSolution
		Debug|Any CPU = Debug|Any CPU
		Release|Any CPU = Release|Any CPU
	EndGlobalSection
	GlobalSection(SolutionProperties) = preSolution
		HideSolutionNode = FALSE
	EndGlobalSection
	GlobalSection(ProjectConfigurationPlatforms) = postSolution
		{FDDD25D4-FFF1-4520-863B-9E8150112ACF}.Debug|Any CPU.ActiveCfg = Debug|Any CPU
		{FDDD25D4-FFF1-4520-863B-9E8150112ACF}.Debug|Any CPU.Build.0 = Debug|Any CPU
		{FDDD25D4-FFF1-4520-863B-9E8150112ACF}.Release|Any CPU.ActiveCfg = Release|Any CPU
		{FDDD25D4-FFF1-4520-863B-9E8150112ACF}.Release|Any CPU.Build.0 = Release|Any CPU
	EndGlobalSection
	GlobalSection(NestedProjects) = preSolution
		{FDDD25D4-FFF1-4520-863B-9E8150112ACF} = {DBD8A2C2-BC54-4EA1-861B-653344DE0736}
	EndGlobalSection
EndGlobal
