
Microsoft Visual Studio Solution File, Format Version 12.00
# Visual Studio Version 17
VisualStudioVersion = 17.0.31903.59
MinimumVisualStudioVersion = 10.0.40219.1
Project("{2150E333-8FDC-42A3-9474-1A3956D46DE8}") = "src", "src", "{DBD8A2C2-BC54-4EA1-861B-653344DE0736}"
EndProject
Project("{FAE04EC0-301F-11D3-BF4B-00C04F79EFBC}") = "AuctionService", "src\AuctionService\AuctionService.csproj", "{FDDD25D4-FFF1-4520-863B-9E8150112ACF}"
EndProject
Project("{FAE04EC0-301F-11D3-BF4B-00C04F79EFBC}") = "SearchService", "src\SearchService\SearchService.csproj", "{5FF73196-7C6E-4CBE-A2DD-130EDD95D5B6}"
EndProject
Project("{FAE04EC0-301F-11D3-BF4B-00C04F79EFBC}") = "Contracts", "src\Contracts\Contracts.csproj", "{83DA9355-00FD-42D5-B9A3-058607012529}"
EndProject
Project("{FAE04EC0-301F-11D3-BF4B-00C04F79EFBC}") = "IdentityService", "src\IdentityService\IdentityService.csproj", "{CC6563C9-AB79-45D9-9544-E7F45004A4A4}"
EndProject
Project("{FAE04EC0-301F-11D3-BF4B-00C04F79EFBC}") = "GatewayService", "src\GatewayService\GatewayService.csproj", "{FFFAD4AE-9E37-434D-8A8A-E696FA3C5777}"
EndProject
Global
	GlobalSection(SolutionConfigurationPlatforms) = preSolution
		Debug|Any CPU = Debug|Any CPU
		Release|Any CPU = Release|Any CPU
	EndGlobalSection
	GlobalSection(SolutionProperties) = preSolution
		HideSolutionNode = FALSE
	EndGlobalSection
	GlobalSection(ProjectConfigurationPlatforms) = postSolution
		{FDDD25D4-FFF1-4520-863B-9E8150112ACF}.Debug|Any CPU.ActiveCfg = Debug|Any CPU
		{FDDD25D4-FFF1-4520-863B-9E8150112ACF}.Debug|Any CPU.Build.0 = Debug|Any CPU
		{FDDD25D4-FFF1-4520-863B-9E8150112ACF}.Release|Any CPU.ActiveCfg = Release|Any CPU
		{FDDD25D4-FFF1-4520-863B-9E8150112ACF}.Release|Any CPU.Build.0 = Release|Any CPU
		{5FF73196-7C6E-4CBE-A2DD-130EDD95D5B6}.Debug|Any CPU.ActiveCfg = Debug|Any CPU
		{5FF73196-7C6E-4CBE-A2DD-130EDD95D5B6}.Debug|Any CPU.Build.0 = Debug|Any CPU
		{5FF73196-7C6E-4CBE-A2DD-130EDD95D5B6}.Release|Any CPU.ActiveCfg = Release|Any CPU
		{5FF73196-7C6E-4CBE-A2DD-130EDD95D5B6}.Release|Any CPU.Build.0 = Release|Any CPU
		{83DA9355-00FD-42D5-B9A3-058607012529}.Debug|Any CPU.ActiveCfg = Debug|Any CPU
		{83DA9355-00FD-42D5-B9A3-058607012529}.Debug|Any CPU.Build.0 = Debug|Any CPU
		{83DA9355-00FD-42D5-B9A3-058607012529}.Release|Any CPU.ActiveCfg = Release|Any CPU
		{83DA9355-00FD-42D5-B9A3-058607012529}.Release|Any CPU.Build.0 = Release|Any CPU
		{CC6563C9-AB79-45D9-9544-E7F45004A4A4}.Debug|Any CPU.ActiveCfg = Debug|Any CPU
		{CC6563C9-AB79-45D9-9544-E7F45004A4A4}.Debug|Any CPU.Build.0 = Debug|Any CPU
		{CC6563C9-AB79-45D9-9544-E7F45004A4A4}.Release|Any CPU.ActiveCfg = Release|Any CPU
		{CC6563C9-AB79-45D9-9544-E7F45004A4A4}.Release|Any CPU.Build.0 = Release|Any CPU
		{FFFAD4AE-9E37-434D-8A8A-E696FA3C5777}.Debug|Any CPU.ActiveCfg = Debug|Any CPU
		{FFFAD4AE-9E37-434D-8A8A-E696FA3C5777}.Debug|Any CPU.Build.0 = Debug|Any CPU
		{FFFAD4AE-9E37-434D-8A8A-E696FA3C5777}.Release|Any CPU.ActiveCfg = Release|Any CPU
		{FFFAD4AE-9E37-434D-8A8A-E696FA3C5777}.Release|Any CPU.Build.0 = Release|Any CPU
	EndGlobalSection
	GlobalSection(NestedProjects) = preSolution
		{FDDD25D4-FFF1-4520-863B-9E8150112ACF} = {DBD8A2C2-BC54-4EA1-861B-653344DE0736}
		{5FF73196-7C6E-4CBE-A2DD-130EDD95D5B6} = {DBD8A2C2-BC54-4EA1-861B-653344DE0736}
		{83DA9355-00FD-42D5-B9A3-058607012529} = {DBD8A2C2-BC54-4EA1-861B-653344DE0736}
		{CC6563C9-AB79-45D9-9544-E7F45004A4A4} = {DBD8A2C2-BC54-4EA1-861B-653344DE0736}
		{FFFAD4AE-9E37-434D-8A8A-E696FA3C5777} = {DBD8A2C2-BC54-4EA1-861B-653344DE0736}
	EndGlobalSection
EndGlobal
